
Microsoft Visual Studio Solution File, Format Version 12.00
# Visual Studio 14
VisualStudioVersion = 14.0.25420.1
MinimumVisualStudioVersion = 10.0.40219.1
Project("{FAE04EC0-301F-11D3-BF4B-00C04F79EFBC}") = "Task00", "EpamTasks\Task00.csproj", "{EE9EB691-23BD-415B-BC8C-F28E5749744E}"
EndProject
Project("{FAE04EC0-301F-11D3-BF4B-00C04F79EFBC}") = "Task01", "Task01\Task01.csproj", "{E85B20BE-74ED-4B45-823C-C6DE50DA1988}"
EndProject
Project("{FAE04EC0-301F-11D3-BF4B-00C04F79EFBC}") = "Task02", "Task02\Task02.csproj", "{087B7712-9990-477F-9340-7504B6347958}"
EndProject
Project("{FAE04EC0-301F-11D3-BF4B-00C04F79EFBC}") = "FunctionsLibrary", "FunctionsLibrary\FunctionsLibrary.csproj", "{1772434C-0F62-45E5-92B5-C716371E0464}"
EndProject
Project("{FAE04EC0-301F-11D3-BF4B-00C04F79EFBC}") = "Task03", "Task03\Task03.csproj", "{A3117E0C-6FEB-4F39-A534-AB9610E27431}"
EndProject
Project("{FAE04EC0-301F-11D3-BF4B-00C04F79EFBC}") = "Task04", "Task04\Task04.csproj", "{51C54582-1ACA-4DD8-8EAA-FD166480548F}"
EndProject
Project("{FAE04EC0-301F-11D3-BF4B-00C04F79EFBC}") = "Task05", "Task05\Task05.csproj", "{8A8C0CF9-47A5-465A-ABCC-BFA0DD1BCED2}"
EndProject
Project("{FAE04EC0-301F-11D3-BF4B-00C04F79EFBC}") = "DAL", "DAL\DAL.csproj", "{A060F08D-4988-4ACD-B081-B567AF46B424}"
EndProject
Project("{FAE04EC0-301F-11D3-BF4B-00C04F79EFBC}") = "BLL", "BLL\BLL.csproj", "{5A6A4232-3F41-4122-8E16-42AE823CA8E3}"
EndProject
Project("{FAE04EC0-301F-11D3-BF4B-00C04F79EFBC}") = "IBLC", "IBLC\IBLC.csproj", "{DC9DD066-7239-4229-A627-0B2666ED36D8}"
EndProject
Project("{FAE04EC0-301F-11D3-BF4B-00C04F79EFBC}") = "IDAC", "IDAC\IDAC.csproj", "{0FA09910-D321-4FFE-A50D-A1197D3ACC4C}"
EndProject
Project("{FAE04EC0-301F-11D3-BF4B-00C04F79EFBC}") = "Entities", "Entities\Entities.csproj", "{97BA9974-26E7-4256-808A-A35D3FC1C06A}"
EndProject
Project("{FAE04EC0-301F-11D3-BF4B-00C04F79EFBC}") = "PL", "PL\PL.csproj", "{5DE0FEC0-D437-4EF1-84AE-6B4774AE7BB9}"
EndProject
Project("{FAE04EC0-301F-11D3-BF4B-00C04F79EFBC}") = "Task06", "Task06\Task06.csproj", "{5D805998-7B7F-4B67-A1D2-BF14C2AF4D34}"
EndProject
Project("{FAE04EC0-301F-11D3-BF4B-00C04F79EFBC}") = "Task07", "Task07\Task07.csproj", "{4466C4CC-21D6-4EE1-BD4C-838F83A0BB99}"
EndProject
Global
	GlobalSection(SolutionConfigurationPlatforms) = preSolution
		Debug|Any CPU = Debug|Any CPU
		Release|Any CPU = Release|Any CPU
	EndGlobalSection
	GlobalSection(ProjectConfigurationPlatforms) = postSolution
		{EE9EB691-23BD-415B-BC8C-F28E5749744E}.Debug|Any CPU.ActiveCfg = Debug|Any CPU
		{EE9EB691-23BD-415B-BC8C-F28E5749744E}.Debug|Any CPU.Build.0 = Debug|Any CPU
		{EE9EB691-23BD-415B-BC8C-F28E5749744E}.Release|Any CPU.ActiveCfg = Release|Any CPU
		{EE9EB691-23BD-415B-BC8C-F28E5749744E}.Release|Any CPU.Build.0 = Release|Any CPU
		{E85B20BE-74ED-4B45-823C-C6DE50DA1988}.Debug|Any CPU.ActiveCfg = Debug|Any CPU
		{E85B20BE-74ED-4B45-823C-C6DE50DA1988}.Debug|Any CPU.Build.0 = Debug|Any CPU
		{E85B20BE-74ED-4B45-823C-C6DE50DA1988}.Release|Any CPU.ActiveCfg = Release|Any CPU
		{E85B20BE-74ED-4B45-823C-C6DE50DA1988}.Release|Any CPU.Build.0 = Release|Any CPU
		{087B7712-9990-477F-9340-7504B6347958}.Debug|Any CPU.ActiveCfg = Debug|Any CPU
		{087B7712-9990-477F-9340-7504B6347958}.Debug|Any CPU.Build.0 = Debug|Any CPU
		{087B7712-9990-477F-9340-7504B6347958}.Release|Any CPU.ActiveCfg = Release|Any CPU
		{087B7712-9990-477F-9340-7504B6347958}.Release|Any CPU.Build.0 = Release|Any CPU
		{1772434C-0F62-45E5-92B5-C716371E0464}.Debug|Any CPU.ActiveCfg = Debug|Any CPU
		{1772434C-0F62-45E5-92B5-C716371E0464}.Debug|Any CPU.Build.0 = Debug|Any CPU
		{1772434C-0F62-45E5-92B5-C716371E0464}.Release|Any CPU.ActiveCfg = Release|Any CPU
		{1772434C-0F62-45E5-92B5-C716371E0464}.Release|Any CPU.Build.0 = Release|Any CPU
		{A3117E0C-6FEB-4F39-A534-AB9610E27431}.Debug|Any CPU.ActiveCfg = Debug|Any CPU
		{A3117E0C-6FEB-4F39-A534-AB9610E27431}.Debug|Any CPU.Build.0 = Debug|Any CPU
		{A3117E0C-6FEB-4F39-A534-AB9610E27431}.Release|Any CPU.ActiveCfg = Release|Any CPU
		{A3117E0C-6FEB-4F39-A534-AB9610E27431}.Release|Any CPU.Build.0 = Release|Any CPU
		{51C54582-1ACA-4DD8-8EAA-FD166480548F}.Debug|Any CPU.ActiveCfg = Debug|Any CPU
		{51C54582-1ACA-4DD8-8EAA-FD166480548F}.Debug|Any CPU.Build.0 = Debug|Any CPU
		{51C54582-1ACA-4DD8-8EAA-FD166480548F}.Release|Any CPU.ActiveCfg = Release|Any CPU
		{51C54582-1ACA-4DD8-8EAA-FD166480548F}.Release|Any CPU.Build.0 = Release|Any CPU
		{8A8C0CF9-47A5-465A-ABCC-BFA0DD1BCED2}.Debug|Any CPU.ActiveCfg = Debug|Any CPU
		{8A8C0CF9-47A5-465A-ABCC-BFA0DD1BCED2}.Debug|Any CPU.Build.0 = Debug|Any CPU
		{8A8C0CF9-47A5-465A-ABCC-BFA0DD1BCED2}.Release|Any CPU.ActiveCfg = Release|Any CPU
		{8A8C0CF9-47A5-465A-ABCC-BFA0DD1BCED2}.Release|Any CPU.Build.0 = Release|Any CPU
		{A060F08D-4988-4ACD-B081-B567AF46B424}.Debug|Any CPU.ActiveCfg = Debug|Any CPU
		{A060F08D-4988-4ACD-B081-B567AF46B424}.Debug|Any CPU.Build.0 = Debug|Any CPU
		{A060F08D-4988-4ACD-B081-B567AF46B424}.Release|Any CPU.ActiveCfg = Release|Any CPU
		{A060F08D-4988-4ACD-B081-B567AF46B424}.Release|Any CPU.Build.0 = Release|Any CPU
		{5A6A4232-3F41-4122-8E16-42AE823CA8E3}.Debug|Any CPU.ActiveCfg = Debug|Any CPU
		{5A6A4232-3F41-4122-8E16-42AE823CA8E3}.Debug|Any CPU.Build.0 = Debug|Any CPU
		{5A6A4232-3F41-4122-8E16-42AE823CA8E3}.Release|Any CPU.ActiveCfg = Release|Any CPU
		{5A6A4232-3F41-4122-8E16-42AE823CA8E3}.Release|Any CPU.Build.0 = Release|Any CPU
		{DC9DD066-7239-4229-A627-0B2666ED36D8}.Debug|Any CPU.ActiveCfg = Debug|Any CPU
		{DC9DD066-7239-4229-A627-0B2666ED36D8}.Debug|Any CPU.Build.0 = Debug|Any CPU
		{DC9DD066-7239-4229-A627-0B2666ED36D8}.Release|Any CPU.ActiveCfg = Release|Any CPU
		{DC9DD066-7239-4229-A627-0B2666ED36D8}.Release|Any CPU.Build.0 = Release|Any CPU
		{0FA09910-D321-4FFE-A50D-A1197D3ACC4C}.Debug|Any CPU.ActiveCfg = Debug|Any CPU
		{0FA09910-D321-4FFE-A50D-A1197D3ACC4C}.Debug|Any CPU.Build.0 = Debug|Any CPU
		{0FA09910-D321-4FFE-A50D-A1197D3ACC4C}.Release|Any CPU.ActiveCfg = Release|Any CPU
		{0FA09910-D321-4FFE-A50D-A1197D3ACC4C}.Release|Any CPU.Build.0 = Release|Any CPU
		{97BA9974-26E7-4256-808A-A35D3FC1C06A}.Debug|Any CPU.ActiveCfg = Debug|Any CPU
		{97BA9974-26E7-4256-808A-A35D3FC1C06A}.Debug|Any CPU.Build.0 = Debug|Any CPU
		{97BA9974-26E7-4256-808A-A35D3FC1C06A}.Release|Any CPU.ActiveCfg = Release|Any CPU
		{97BA9974-26E7-4256-808A-A35D3FC1C06A}.Release|Any CPU.Build.0 = Release|Any CPU
		{5DE0FEC0-D437-4EF1-84AE-6B4774AE7BB9}.Debug|Any CPU.ActiveCfg = Debug|Any CPU
		{5DE0FEC0-D437-4EF1-84AE-6B4774AE7BB9}.Debug|Any CPU.Build.0 = Debug|Any CPU
		{5DE0FEC0-D437-4EF1-84AE-6B4774AE7BB9}.Release|Any CPU.ActiveCfg = Release|Any CPU
		{5DE0FEC0-D437-4EF1-84AE-6B4774AE7BB9}.Release|Any CPU.Build.0 = Release|Any CPU
		{5D805998-7B7F-4B67-A1D2-BF14C2AF4D34}.Debug|Any CPU.ActiveCfg = Debug|Any CPU
		{5D805998-7B7F-4B67-A1D2-BF14C2AF4D34}.Debug|Any CPU.Build.0 = Debug|Any CPU
		{5D805998-7B7F-4B67-A1D2-BF14C2AF4D34}.Release|Any CPU.ActiveCfg = Release|Any CPU
		{5D805998-7B7F-4B67-A1D2-BF14C2AF4D34}.Release|Any CPU.Build.0 = Release|Any CPU
		{4466C4CC-21D6-4EE1-BD4C-838F83A0BB99}.Debug|Any CPU.ActiveCfg = Debug|Any CPU
		{4466C4CC-21D6-4EE1-BD4C-838F83A0BB99}.Debug|Any CPU.Build.0 = Debug|Any CPU
		{4466C4CC-21D6-4EE1-BD4C-838F83A0BB99}.Release|Any CPU.ActiveCfg = Release|Any CPU
		{4466C4CC-21D6-4EE1-BD4C-838F83A0BB99}.Release|Any CPU.Build.0 = Release|Any CPU
	EndGlobalSection
	GlobalSection(SolutionProperties) = preSolution
		HideSolutionNode = FALSE
	EndGlobalSection
EndGlobal
