
Microsoft Visual Studio Solution File, Format Version 12.00
# Visual Studio 14
VisualStudioVersion = 14.0.25420.1
MinimumVisualStudioVersion = 10.0.40219.1
Project("{FAE04EC0-301F-11D3-BF4B-00C04F79EFBC}") = "Task00", "EpamTasks\Task00.csproj", "{EE9EB691-23BD-415B-BC8C-F28E5749744E}"
EndProject
Project("{FAE04EC0-301F-11D3-BF4B-00C04F79EFBC}") = "Task01", "Task01\Task01.csproj", "{E85B20BE-74ED-4B45-823C-C6DE50DA1988}"
EndProject
Project("{FAE04EC0-301F-11D3-BF4B-00C04F79EFBC}") = "Task02", "Task02\Task02.csproj", "{087B7712-9990-477F-9340-7504B6347958}"
EndProject
Project("{FAE04EC0-301F-11D3-BF4B-00C04F79EFBC}") = "FunctionsLibrary", "FunctionsLibrary\FunctionsLibrary.csproj", "{1772434C-0F62-45E5-92B5-C716371E0464}"
EndProject
Project("{FAE04EC0-301F-11D3-BF4B-00C04F79EFBC}") = "Task03", "Task03\Task03.csproj", "{A3117E0C-6FEB-4F39-A534-AB9610E27431}"
EndProject
Project("{FAE04EC0-301F-11D3-BF4B-00C04F79EFBC}") = "Task04", "Task04\Task04.csproj", "{51C54582-1ACA-4DD8-8EAA-FD166480548F}"
EndProject
Global
	GlobalSection(SolutionConfigurationPlatforms) = preSolution
		Debug|Any CPU = Debug|Any CPU
		Release|Any CPU = Release|Any CPU
	EndGlobalSection
	GlobalSection(ProjectConfigurationPlatforms) = postSolution
		{EE9EB691-23BD-415B-BC8C-F28E5749744E}.Debug|Any CPU.ActiveCfg = Debug|Any CPU
		{EE9EB691-23BD-415B-BC8C-F28E5749744E}.Debug|Any CPU.Build.0 = Debug|Any CPU
		{EE9EB691-23BD-415B-BC8C-F28E5749744E}.Release|Any CPU.ActiveCfg = Release|Any CPU
		{EE9EB691-23BD-415B-BC8C-F28E5749744E}.Release|Any CPU.Build.0 = Release|Any CPU
		{E85B20BE-74ED-4B45-823C-C6DE50DA1988}.Debug|Any CPU.ActiveCfg = Debug|Any CPU
		{E85B20BE-74ED-4B45-823C-C6DE50DA1988}.Debug|Any CPU.Build.0 = Debug|Any CPU
		{E85B20BE-74ED-4B45-823C-C6DE50DA1988}.Release|Any CPU.ActiveCfg = Release|Any CPU
		{E85B20BE-74ED-4B45-823C-C6DE50DA1988}.Release|Any CPU.Build.0 = Release|Any CPU
		{087B7712-9990-477F-9340-7504B6347958}.Debug|Any CPU.ActiveCfg = Debug|Any CPU
		{087B7712-9990-477F-9340-7504B6347958}.Debug|Any CPU.Build.0 = Debug|Any CPU
		{087B7712-9990-477F-9340-7504B6347958}.Release|Any CPU.ActiveCfg = Release|Any CPU
		{087B7712-9990-477F-9340-7504B6347958}.Release|Any CPU.Build.0 = Release|Any CPU
		{1772434C-0F62-45E5-92B5-C716371E0464}.Debug|Any CPU.ActiveCfg = Debug|Any CPU
		{1772434C-0F62-45E5-92B5-C716371E0464}.Debug|Any CPU.Build.0 = Debug|Any CPU
		{1772434C-0F62-45E5-92B5-C716371E0464}.Release|Any CPU.ActiveCfg = Release|Any CPU
		{1772434C-0F62-45E5-92B5-C716371E0464}.Release|Any CPU.Build.0 = Release|Any CPU
		{A3117E0C-6FEB-4F39-A534-AB9610E27431}.Debug|Any CPU.ActiveCfg = Debug|Any CPU
		{A3117E0C-6FEB-4F39-A534-AB9610E27431}.Debug|Any CPU.Build.0 = Debug|Any CPU
		{A3117E0C-6FEB-4F39-A534-AB9610E27431}.Release|Any CPU.ActiveCfg = Release|Any CPU
		{A3117E0C-6FEB-4F39-A534-AB9610E27431}.Release|Any CPU.Build.0 = Release|Any CPU
		{51C54582-1ACA-4DD8-8EAA-FD166480548F}.Debug|Any CPU.ActiveCfg = Debug|Any CPU
		{51C54582-1ACA-4DD8-8EAA-FD166480548F}.Debug|Any CPU.Build.0 = Debug|Any CPU
		{51C54582-1ACA-4DD8-8EAA-FD166480548F}.Release|Any CPU.ActiveCfg = Release|Any CPU
		{51C54582-1ACA-4DD8-8EAA-FD166480548F}.Release|Any CPU.Build.0 = Release|Any CPU
	EndGlobalSection
	GlobalSection(SolutionProperties) = preSolution
		HideSolutionNode = FALSE
	EndGlobalSection
EndGlobal
